
Microsoft Visual Studio Solution File, Format Version 12.00
# Visual Studio Version 16
VisualStudioVersion = 16.0.31702.278
MinimumVisualStudioVersion = 10.0.40219.1
Project("{FAE04EC0-301F-11D3-BF4B-00C04F79EFBC}") = "DiscordNotifier", "DiscordNotifier\DiscordNotifier.csproj", "{AF21CB7F-973B-450D-A41F-C68FC9F8CCAC}"
EndProject
Global
	GlobalSection(SolutionConfigurationPlatforms) = preSolution
		Debug|Any CPU = Debug|Any CPU
		Release|Any CPU = Release|Any CPU
	EndGlobalSection
	GlobalSection(ProjectConfigurationPlatforms) = postSolution
		{AF21CB7F-973B-450D-A41F-C68FC9F8CCAC}.Debug|Any CPU.ActiveCfg = Debug|Any CPU
		{AF21CB7F-973B-450D-A41F-C68FC9F8CCAC}.Debug|Any CPU.Build.0 = Debug|Any CPU
		{AF21CB7F-973B-450D-A41F-C68FC9F8CCAC}.Release|Any CPU.ActiveCfg = Release|Any CPU
		{AF21CB7F-973B-450D-A41F-C68FC9F8CCAC}.Release|Any CPU.Build.0 = Release|Any CPU
	EndGlobalSection
	GlobalSection(SolutionProperties) = preSolution
		HideSolutionNode = FALSE
	EndGlobalSection
	GlobalSection(ExtensibilityGlobals) = postSolution
		SolutionGuid = {AECB3318-E378-4170-AEC4-CAEC98735654}
	EndGlobalSection
EndGlobal
